
Microsoft Visual Studio Solution File, Format Version 12.00
# Visual Studio Version 17
VisualStudioVersion = 17.5.002.0
MinimumVisualStudioVersion = 10.0.40219.1
Project("{9A19103F-16F7-4668-BE54-9A1E7A4F7556}") = "saudesuicidio", "saudesuicidio.csproj", "{180C572B-13C4-4916-B42D-F5C19940DCFC}"
EndProject
Global
	GlobalSection(SolutionConfigurationPlatforms) = preSolution
		Debug|Any CPU = Debug|Any CPU
		Release|Any CPU = Release|Any CPU
	EndGlobalSection
	GlobalSection(ProjectConfigurationPlatforms) = postSolution
		{180C572B-13C4-4916-B42D-F5C19940DCFC}.Debug|Any CPU.ActiveCfg = Debug|Any CPU
		{180C572B-13C4-4916-B42D-F5C19940DCFC}.Debug|Any CPU.Build.0 = Debug|Any CPU
		{180C572B-13C4-4916-B42D-F5C19940DCFC}.Release|Any CPU.ActiveCfg = Release|Any CPU
		{180C572B-13C4-4916-B42D-F5C19940DCFC}.Release|Any CPU.Build.0 = Release|Any CPU
	EndGlobalSection
	GlobalSection(SolutionProperties) = preSolution
		HideSolutionNode = FALSE
	EndGlobalSection
	GlobalSection(ExtensibilityGlobals) = postSolution
		SolutionGuid = {7F33C3F1-DE2B-4089-A84E-7984C477DD70}
	EndGlobalSection
EndGlobal
